
Microsoft Visual Studio Solution File, Format Version 12.00
# Visual Studio Version 17
VisualStudioVersion = 17.8.34330.188
MinimumVisualStudioVersion = 10.0.40219.1
Project("{FAE04EC0-301F-11D3-BF4B-00C04F79EFBC}") = "Nyp3rCalender", "Nyp3rCalender.csproj", "{81E6D316-8BBB-44F3-BC71-82B48C283517}"
EndProject
Global
	GlobalSection(SolutionConfigurationPlatforms) = preSolution
		Debug|Any CPU = Debug|Any CPU
		Release|Any CPU = Release|Any CPU
	EndGlobalSection
	GlobalSection(ProjectConfigurationPlatforms) = postSolution
		{81E6D316-8BBB-44F3-BC71-82B48C283517}.Debug|Any CPU.ActiveCfg = Debug|Any CPU
		{81E6D316-8BBB-44F3-BC71-82B48C283517}.Debug|Any CPU.Build.0 = Debug|Any CPU
		{81E6D316-8BBB-44F3-BC71-82B48C283517}.Release|Any CPU.ActiveCfg = Release|Any CPU
		{81E6D316-8BBB-44F3-BC71-82B48C283517}.Release|Any CPU.Build.0 = Release|Any CPU
	EndGlobalSection
	GlobalSection(SolutionProperties) = preSolution
		HideSolutionNode = FALSE
	EndGlobalSection
	GlobalSection(ExtensibilityGlobals) = postSolution
		SolutionGuid = {1CBC5ED8-A65D-429A-AC1F-2CD22753D547}
	EndGlobalSection
EndGlobal
